
Microsoft Visual Studio Solution File, Format Version 12.00
# Visual Studio Version 17
VisualStudioVersion = 17.4.33213.308
MinimumVisualStudioVersion = 10.0.40219.1
Project("{9A19103F-16F7-4668-BE54-9A1E7A4F7556}") = "Practica4.3LibreriaMath", "Practica4.3LibreriaMath.csproj", "{8E848F86-FBF9-4510-BDC1-E51B267693D3}"
EndProject
Global
	GlobalSection(SolutionConfigurationPlatforms) = preSolution
		Debug|Any CPU = Debug|Any CPU
		Release|Any CPU = Release|Any CPU
	EndGlobalSection
	GlobalSection(ProjectConfigurationPlatforms) = postSolution
		{8E848F86-FBF9-4510-BDC1-E51B267693D3}.Debug|Any CPU.ActiveCfg = Debug|Any CPU
		{8E848F86-FBF9-4510-BDC1-E51B267693D3}.Debug|Any CPU.Build.0 = Debug|Any CPU
		{8E848F86-FBF9-4510-BDC1-E51B267693D3}.Release|Any CPU.ActiveCfg = Release|Any CPU
		{8E848F86-FBF9-4510-BDC1-E51B267693D3}.Release|Any CPU.Build.0 = Release|Any CPU
	EndGlobalSection
	GlobalSection(SolutionProperties) = preSolution
		HideSolutionNode = FALSE
	EndGlobalSection
	GlobalSection(ExtensibilityGlobals) = postSolution
		SolutionGuid = {2BAF8BA1-A0A6-4FAA-A39E-597895321395}
	EndGlobalSection
EndGlobal
